// !$*UTF8*$!
{
	archiveVersion = 1;
	classes = {
	};
	objectVersion = 50;
	objects = {

/* Begin PBXBuildFile section */
		74CF84C021872CD1005B60C6 /* AppDelegate.m in Sources */ = {isa = PBXBuildFile; fileRef = 74CF84BF21872CD1005B60C6 /* AppDelegate.m */; };
		74CF84C321872CD1005B60C6 /* ViewController.m in Sources */ = {isa = PBXBuildFile; fileRef = 74CF84C221872CD1005B60C6 /* ViewController.m */; };
		74CF84C621872CD1005B60C6 /* Main.storyboard in Resources */ = {isa = PBXBuildFile; fileRef = 74CF84C421872CD1005B60C6 /* Main.storyboard */; };
		74CF84C821872CD3005B60C6 /* Assets.xcassets in Resources */ = {isa = PBXBuildFile; fileRef = 74CF84C721872CD3005B60C6 /* Assets.xcassets */; };
		74CF84CB21872CD3005B60C6 /* LaunchScreen.storyboard in Resources */ = {isa = PBXBuildFile; fileRef = 74CF84C921872CD3005B60C6 /* LaunchScreen.storyboard */; };
		74CF84CE21872CD3005B60C6 /* main.m in Sources */ = {isa = PBXBuildFile; fileRef = 74CF84CD21872CD3005B60C6 /* main.m */; };
		74CF84D621872D4F005B60C6 /* StreamaxiaSDK.framework in Frameworks */ = {isa = PBXBuildFile; fileRef = 74CF84D521872D4F005B60C6 /* StreamaxiaSDK.framework */; };
		74CF84DE21872D73005B60C6 /* ag-streamer-sdk.txt in Resources */ = {isa = PBXBuildFile; fileRef = 74CF84DA21872D73005B60C6 /* ag-streamer-sdk.txt */; };
		74CF84DF21872D73005B60C6 /* ag-streamer-sdk.config in Resources */ = {isa = PBXBuildFile; fileRef = 74CF84DB21872D73005B60C6 /* ag-streamer-sdk.config */; };
		74CF84E021872D73005B60C6 /* ag-streamer-sdk.key in Resources */ = {isa = PBXBuildFile; fileRef = 74CF84DC21872D73005B60C6 /* ag-streamer-sdk.key */; };
		74CF84E121872D73005B60C6 /* demo-certificate.bundle in Resources */ = {isa = PBXBuildFile; fileRef = 74CF84DD21872D73005B60C6 /* demo-certificate.bundle */; };
		74CF84E321872E09005B60C6 /* StreamaxiaSDK.framework in CopyFiles */ = {isa = PBXBuildFile; fileRef = 74CF84D521872D4F005B60C6 /* StreamaxiaSDK.framework */; settings = {ATTRIBUTES = (CodeSignOnCopy, RemoveHeadersOnCopy, ); }; };
		74CF84E721872EB2005B60C6 /* StreamFromFileViewController.m in Sources */ = {isa = PBXBuildFile; fileRef = 74CF84E521872EB2005B60C6 /* StreamFromFileViewController.m */; };
		74CF84E821872EB2005B60C6 /* StreamFromFileViewController.xib in Resources */ = {isa = PBXBuildFile; fileRef = 74CF84E621872EB2005B60C6 /* StreamFromFileViewController.xib */; };
/* End PBXBuildFile section */

/* Begin PBXCopyFilesBuildPhase section */
		74CF84E221872DFE005B60C6 /* CopyFiles */ = {
			isa = PBXCopyFilesBuildPhase;
			buildActionMask = 2147483647;
			dstPath = "";
			dstSubfolderSpec = 10;
			files = (
				74CF84E321872E09005B60C6 /* StreamaxiaSDK.framework in CopyFiles */,
			);
			runOnlyForDeploymentPostprocessing = 0;
		};
/* End PBXCopyFilesBuildPhase section */

/* Begin PBXFileReference section */
		74CF84BB21872CD1005B60C6 /* StreamFromFileDemo.app */ = {isa = PBXFileReference; explicitFileType = wrapper.application; includeInIndex = 0; path = StreamFromFileDemo.app; sourceTree = BUILT_PRODUCTS_DIR; };
		74CF84BE21872CD1005B60C6 /* AppDelegate.h */ = {isa = PBXFileReference; lastKnownFileType = sourcecode.c.h; path = AppDelegate.h; sourceTree = "<group>"; };
		74CF84BF21872CD1005B60C6 /* AppDelegate.m */ = {isa = PBXFileReference; lastKnownFileType = sourcecode.c.objc; path = AppDelegate.m; sourceTree = "<group>"; };
		74CF84C121872CD1005B60C6 /* ViewController.h */ = {isa = PBXFileReference; lastKnownFileType = sourcecode.c.h; path = ViewController.h; sourceTree = "<group>"; };
		74CF84C221872CD1005B60C6 /* ViewController.m */ = {isa = PBXFileReference; lastKnownFileType = sourcecode.c.objc; path = ViewController.m; sourceTree = "<group>"; };
		74CF84C521872CD1005B60C6 /* Base */ = {isa = PBXFileReference; lastKnownFileType = file.storyboard; name = Base; path = Base.lproj/Main.storyboard; sourceTree = "<group>"; };
		74CF84C721872CD3005B60C6 /* Assets.xcassets */ = {isa = PBXFileReference; lastKnownFileType = folder.assetcatalog; path = Assets.xcassets; sourceTree = "<group>"; };
		74CF84CA21872CD3005B60C6 /* Base */ = {isa = PBXFileReference; lastKnownFileType = file.storyboard; name = Base; path = Base.lproj/LaunchScreen.storyboard; sourceTree = "<group>"; };
		74CF84CC21872CD3005B60C6 /* Info.plist */ = {isa = PBXFileReference; lastKnownFileType = text.plist.xml; path = Info.plist; sourceTree = "<group>"; };
		74CF84CD21872CD3005B60C6 /* main.m */ = {isa = PBXFileReference; lastKnownFileType = sourcecode.c.objc; path = main.m; sourceTree = "<group>"; };
		74CF84D521872D4F005B60C6 /* StreamaxiaSDK.framework */ = {isa = PBXFileReference; lastKnownFileType = wrapper.framework; path = StreamaxiaSDK.framework; sourceTree = "<group>"; };
		74CF84DA21872D73005B60C6 /* ag-streamer-sdk.txt */ = {isa = PBXFileReference; fileEncoding = 4; lastKnownFileType = text; path = "ag-streamer-sdk.txt"; sourceTree = "<group>"; };
		74CF84DB21872D73005B60C6 /* ag-streamer-sdk.config */ = {isa = PBXFileReference; fileEncoding = 4; lastKnownFileType = text.xml; path = "ag-streamer-sdk.config"; sourceTree = "<group>"; };
		74CF84DC21872D73005B60C6 /* ag-streamer-sdk.key */ = {isa = PBXFileReference; fileEncoding = 4; lastKnownFileType = text; path = "ag-streamer-sdk.key"; sourceTree = "<group>"; };
		74CF84DD21872D73005B60C6 /* demo-certificate.bundle */ = {isa = PBXFileReference; lastKnownFileType = "wrapper.plug-in"; path = "demo-certificate.bundle"; sourceTree = "<group>"; };
		74CF84E421872EB2005B60C6 /* StreamFromFileViewController.h */ = {isa = PBXFileReference; lastKnownFileType = sourcecode.c.h; path = StreamFromFileViewController.h; sourceTree = "<group>"; };
		74CF84E521872EB2005B60C6 /* StreamFromFileViewController.m */ = {isa = PBXFileReference; lastKnownFileType = sourcecode.c.objc; path = StreamFromFileViewController.m; sourceTree = "<group>"; };
		74CF84E621872EB2005B60C6 /* StreamFromFileViewController.xib */ = {isa = PBXFileReference; lastKnownFileType = file.xib; path = StreamFromFileViewController.xib; sourceTree = "<group>"; };
/* End PBXFileReference section */

/* Begin PBXFrameworksBuildPhase section */
		74CF84B821872CD1005B60C6 /* Frameworks */ = {
			isa = PBXFrameworksBuildPhase;
			buildActionMask = 2147483647;
			files = (
				74CF84D621872D4F005B60C6 /* StreamaxiaSDK.framework in Frameworks */,
			);
			runOnlyForDeploymentPostprocessing = 0;
		};
/* End PBXFrameworksBuildPhase section */

/* Begin PBXGroup section */
		74CF84B221872CD1005B60C6 = {
			isa = PBXGroup;
			children = (
				74CF84BD21872CD1005B60C6 /* StreamFromFileDemo */,
				74CF84BC21872CD1005B60C6 /* Products */,
			);
			sourceTree = "<group>";
		};
		74CF84BC21872CD1005B60C6 /* Products */ = {
			isa = PBXGroup;
			children = (
				74CF84BB21872CD1005B60C6 /* StreamFromFileDemo.app */,
			);
			name = Products;
			sourceTree = "<group>";
		};
		74CF84BD21872CD1005B60C6 /* StreamFromFileDemo */ = {
			isa = PBXGroup;
			children = (
				74CF84D421872D4F005B60C6 /* Frameworks */,
				74CF84BE21872CD1005B60C6 /* AppDelegate.h */,
				74CF84D721872D73005B60C6 /* Resources */,
				74CF84BF21872CD1005B60C6 /* AppDelegate.m */,
				74CF84C121872CD1005B60C6 /* ViewController.h */,
				74CF84C221872CD1005B60C6 /* ViewController.m */,
				74CF84C421872CD1005B60C6 /* Main.storyboard */,
				74CF84C721872CD3005B60C6 /* Assets.xcassets */,
				74CF84C921872CD3005B60C6 /* LaunchScreen.storyboard */,
				74CF84CC21872CD3005B60C6 /* Info.plist */,
				74CF84CD21872CD3005B60C6 /* main.m */,
				74CF84E421872EB2005B60C6 /* StreamFromFileViewController.h */,
				74CF84E521872EB2005B60C6 /* StreamFromFileViewController.m */,
				74CF84E621872EB2005B60C6 /* StreamFromFileViewController.xib */,
			);
			path = StreamFromFileDemo;
			sourceTree = "<group>";
		};
		74CF84D421872D4F005B60C6 /* Frameworks */ = {
			isa = PBXGroup;
			children = (
				74CF84D521872D4F005B60C6 /* StreamaxiaSDK.framework */,
			);
			path = Frameworks;
			sourceTree = "<group>";
		};
		74CF84D721872D73005B60C6 /* Resources */ = {
			isa = PBXGroup;
			children = (
				74CF84D821872D73005B60C6 /* Streamaxia */,
			);
			path = Resources;
			sourceTree = "<group>";
		};
		74CF84D821872D73005B60C6 /* Streamaxia */ = {
			isa = PBXGroup;
			children = (
				74CF84D921872D73005B60C6 /* demo-certificate */,
				74CF84DD21872D73005B60C6 /* demo-certificate.bundle */,
			);
			path = Streamaxia;
			sourceTree = "<group>";
		};
		74CF84D921872D73005B60C6 /* demo-certificate */ = {
			isa = PBXGroup;
			children = (
				74CF84DA21872D73005B60C6 /* ag-streamer-sdk.txt */,
				74CF84DB21872D73005B60C6 /* ag-streamer-sdk.config */,
				74CF84DC21872D73005B60C6 /* ag-streamer-sdk.key */,
			);
			path = "demo-certificate";
			sourceTree = "<group>";
		};
/* End PBXGroup section */

/* Begin PBXNativeTarget section */
		74CF84BA21872CD1005B60C6 /* StreamFromFileDemo */ = {
			isa = PBXNativeTarget;
			buildConfigurationList = 74CF84D121872CD3005B60C6 /* Build configuration list for PBXNativeTarget "StreamFromFileDemo" */;
			buildPhases = (
				74CF84B721872CD1005B60C6 /* Sources */,
				74CF84B821872CD1005B60C6 /* Frameworks */,
				74CF84B921872CD1005B60C6 /* Resources */,
				74CF84E221872DFE005B60C6 /* CopyFiles */,
			);
			buildRules = (
			);
			dependencies = (
			);
			name = StreamFromFileDemo;
			productName = StreamFromFileDemo;
			productReference = 74CF84BB21872CD1005B60C6 /* StreamFromFileDemo.app */;
			productType = "com.apple.product-type.application";
		};
/* End PBXNativeTarget section */

/* Begin PBXProject section */
		74CF84B321872CD1005B60C6 /* Project object */ = {
			isa = PBXProject;
			attributes = {
				LastUpgradeCheck = 0940;
				ORGANIZATIONNAME = Streamaxia;
				TargetAttributes = {
					74CF84BA21872CD1005B60C6 = {
						CreatedOnToolsVersion = 9.4.1;
					};
				};
			};
			buildConfigurationList = 74CF84B621872CD1005B60C6 /* Build configuration list for PBXProject "StreamFromFileDemo" */;
			compatibilityVersion = "Xcode 9.3";
			developmentRegion = en;
			hasScannedForEncodings = 0;
			knownRegions = (
				en,
				Base,
			);
			mainGroup = 74CF84B221872CD1005B60C6;
			productRefGroup = 74CF84BC21872CD1005B60C6 /* Products */;
			projectDirPath = "";
			projectRoot = "";
			targets = (
				74CF84BA21872CD1005B60C6 /* StreamFromFileDemo */,
			);
		};
/* End PBXProject section */

/* Begin PBXResourcesBuildPhase section */
		74CF84B921872CD1005B60C6 /* Resources */ = {
			isa = PBXResourcesBuildPhase;
			buildActionMask = 2147483647;
			files = (
				74CF84E821872EB2005B60C6 /* StreamFromFileViewController.xib in Resources */,
				74CF84DE21872D73005B60C6 /* ag-streamer-sdk.txt in Resources */,
				74CF84E121872D73005B60C6 /* demo-certificate.bundle in Resources */,
				74CF84DF21872D73005B60C6 /* ag-streamer-sdk.config in Resources */,
				74CF84CB21872CD3005B60C6 /* LaunchScreen.storyboard in Resources */,
				74CF84E021872D73005B60C6 /* ag-streamer-sdk.key in Resources */,
				74CF84C821872CD3005B60C6 /* Assets.xcassets in Resources */,
				74CF84C621872CD1005B60C6 /* Main.storyboard in Resources */,
			);
			runOnlyForDeploymentPostprocessing = 0;
		};
/* End PBXResourcesBuildPhase section */

/* Begin PBXSourcesBuildPhase section */
		74CF84B721872CD1005B60C6 /* Sources */ = {
			isa = PBXSourcesBuildPhase;
			buildActionMask = 2147483647;
			files = (
				74CF84E721872EB2005B60C6 /* StreamFromFileViewController.m in Sources */,
				74CF84C321872CD1005B60C6 /* ViewController.m in Sources */,
				74CF84CE21872CD3005B60C6 /* main.m in Sources */,
				74CF84C021872CD1005B60C6 /* AppDelegate.m in Sources */,
			);
			runOnlyForDeploymentPostprocessing = 0;
		};
/* End PBXSourcesBuildPhase section */

/* Begin PBXVariantGroup section */
		74CF84C421872CD1005B60C6 /* Main.storyboard */ = {
			isa = PBXVariantGroup;
			children = (
				74CF84C521872CD1005B60C6 /* Base */,
			);
			name = Main.storyboard;
			sourceTree = "<group>";
		};
		74CF84C921872CD3005B60C6 /* LaunchScreen.storyboard */ = {
			isa = PBXVariantGroup;
			children = (
				74CF84CA21872CD3005B60C6 /* Base */,
			);
			name = LaunchScreen.storyboard;
			sourceTree = "<group>";
		};
/* End PBXVariantGroup section */

/* Begin XCBuildConfiguration section */
		74CF84CF21872CD3005B60C6 /* Debug */ = {
			isa = XCBuildConfiguration;
			buildSettings = {
				ALWAYS_SEARCH_USER_PATHS = NO;
				CLANG_ANALYZER_NONNULL = YES;
				CLANG_ANALYZER_NUMBER_OBJECT_CONVERSION = YES_AGGRESSIVE;
				CLANG_CXX_LANGUAGE_STANDARD = "gnu++14";
				CLANG_CXX_LIBRARY = "libc++";
				CLANG_ENABLE_MODULES = YES;
				CLANG_ENABLE_OBJC_ARC = YES;
				CLANG_ENABLE_OBJC_WEAK = YES;
				CLANG_WARN_BLOCK_CAPTURE_AUTORELEASING = YES;
				CLANG_WARN_BOOL_CONVERSION = YES;
				CLANG_WARN_COMMA = YES;
				CLANG_WARN_CONSTANT_CONVERSION = YES;
				CLANG_WARN_DEPRECATED_OBJC_IMPLEMENTATIONS = YES;
				CLANG_WARN_DIRECT_OBJC_ISA_USAGE = YES_ERROR;
				CLANG_WARN_DOCUMENTATION_COMMENTS = YES;
				CLANG_WARN_EMPTY_BODY = YES;
				CLANG_WARN_ENUM_CONVERSION = YES;
				CLANG_WARN_INFINITE_RECURSION = YES;
				CLANG_WARN_INT_CONVERSION = YES;
				CLANG_WARN_NON_LITERAL_NULL_CONVERSION = YES;
				CLANG_WARN_OBJC_IMPLICIT_RETAIN_SELF = YES;
				CLANG_WARN_OBJC_LITERAL_CONVERSION = YES;
				CLANG_WARN_OBJC_ROOT_CLASS = YES_ERROR;
				CLANG_WARN_RANGE_LOOP_ANALYSIS = YES;
				CLANG_WARN_STRICT_PROTOTYPES = YES;
				CLANG_WARN_SUSPICIOUS_MOVE = YES;
				CLANG_WARN_UNGUARDED_AVAILABILITY = YES_AGGRESSIVE;
				CLANG_WARN_UNREACHABLE_CODE = YES;
				CLANG_WARN__DUPLICATE_METHOD_MATCH = YES;
				CODE_SIGN_IDENTITY = "iPhone Developer";
				COPY_PHASE_STRIP = NO;
				DEBUG_INFORMATION_FORMAT = dwarf;
				ENABLE_STRICT_OBJC_MSGSEND = YES;
				ENABLE_TESTABILITY = YES;
				GCC_C_LANGUAGE_STANDARD = gnu11;
				GCC_DYNAMIC_NO_PIC = NO;
				GCC_NO_COMMON_BLOCKS = YES;
				GCC_OPTIMIZATION_LEVEL = 0;
				GCC_PREPROCESSOR_DEFINITIONS = (
					"DEBUG=1",
					"$(inherited)",
				);
				GCC_WARN_64_TO_32_BIT_CONVERSION = YES;
				GCC_WARN_ABOUT_RETURN_TYPE = YES_ERROR;
				GCC_WARN_UNDECLARED_SELECTOR = YES;
				GCC_WARN_UNINITIALIZED_AUTOS = YES_AGGRESSIVE;
				GCC_WARN_UNUSED_FUNCTION = YES;
				GCC_WARN_UNUSED_VARIABLE = YES;
				IPHONEOS_DEPLOYMENT_TARGET = 11.4;
				MTL_ENABLE_DEBUG_INFO = YES;
				ONLY_ACTIVE_ARCH = YES;
				SDKROOT = iphoneos;
			};
			name = Debug;
		};
		74CF84D021872CD3005B60C6 /* Release */ = {
			isa = XCBuildConfiguration;
			buildSettings = {
				ALWAYS_SEARCH_USER_PATHS = NO;
				CLANG_ANALYZER_NONNULL = YES;
				CLANG_ANALYZER_NUMBER_OBJECT_CONVERSION = YES_AGGRESSIVE;
				CLANG_CXX_LANGUAGE_STANDARD = "gnu++14";
				CLANG_CXX_LIBRARY = "libc++";
				CLANG_ENABLE_MODULES = YES;
				CLANG_ENABLE_OBJC_ARC = YES;
				CLANG_ENABLE_OBJC_WEAK = YES;
				CLANG_WARN_BLOCK_CAPTURE_AUTORELEASING = YES;
				CLANG_WARN_BOOL_CONVERSION = YES;
				CLANG_WARN_COMMA = YES;
				CLANG_WARN_CONSTANT_CONVERSION = YES;
				CLANG_WARN_DEPRECATED_OBJC_IMPLEMENTATIONS = YES;
				CLANG_WARN_DIRECT_OBJC_ISA_USAGE = YES_ERROR;
				CLANG_WARN_DOCUMENTATION_COMMENTS = YES;
				CLANG_WARN_EMPTY_BODY = YES;
				CLANG_WARN_ENUM_CONVERSION = YES;
				CLANG_WARN_INFINITE_RECURSION = YES;
				CLANG_WARN_INT_CONVERSION = YES;
				CLANG_WARN_NON_LITERAL_NULL_CONVERSION = YES;
				CLANG_WARN_OBJC_IMPLICIT_RETAIN_SELF = YES;
				CLANG_WARN_OBJC_LITERAL_CONVERSION = YES;
				CLANG_WARN_OBJC_ROOT_CLASS = YES_ERROR;
				CLANG_WARN_RANGE_LOOP_ANALYSIS = YES;
				CLANG_WARN_STRICT_PROTOTYPES = YES;
				CLANG_WARN_SUSPICIOUS_MOVE = YES;
				CLANG_WARN_UNGUARDED_AVAILABILITY = YES_AGGRESSIVE;
				CLANG_WARN_UNREACHABLE_CODE = YES;
				CLANG_WARN__DUPLICATE_METHOD_MATCH = YES;
				CODE_SIGN_IDENTITY = "iPhone Developer";
				COPY_PHASE_STRIP = NO;
				DEBUG_INFORMATION_FORMAT = "dwarf-with-dsym";
				ENABLE_NS_ASSERTIONS = NO;
				ENABLE_STRICT_OBJC_MSGSEND = YES;
				GCC_C_LANGUAGE_STANDARD = gnu11;
				GCC_NO_COMMON_BLOCKS = YES;
				GCC_WARN_64_TO_32_BIT_CONVERSION = YES;
				GCC_WARN_ABOUT_RETURN_TYPE = YES_ERROR;
				GCC_WARN_UNDECLARED_SELECTOR = YES;
				GCC_WARN_UNINITIALIZED_AUTOS = YES_AGGRESSIVE;
				GCC_WARN_UNUSED_FUNCTION = YES;
				GCC_WARN_UNUSED_VARIABLE = YES;
				IPHONEOS_DEPLOYMENT_TARGET = 11.4;
				MTL_ENABLE_DEBUG_INFO = NO;
				SDKROOT = iphoneos;
				VALIDATE_PRODUCT = YES;
			};
			name = Release;
		};
		74CF84D221872CD3005B60C6 /* Debug */ = {
			isa = XCBuildConfiguration;
			buildSettings = {
				ASSETCATALOG_COMPILER_APPICON_NAME = AppIcon;
				CODE_SIGN_STYLE = Automatic;
				DEVELOPMENT_TEAM = 32MK5V2NGT;
				FRAMEWORK_SEARCH_PATHS = (
					"$(inherited)",
					"$(PROJECT_DIR)/StreamFromFileDemo/Frameworks",
				);
				INFOPLIST_FILE = StreamFromFileDemo/Info.plist;
				IPHONEOS_DEPLOYMENT_TARGET = 10.0;
				LD_RUNPATH_SEARCH_PATHS = (
					"$(inherited)",
					"@executable_path/Frameworks",
				);
				PRODUCT_BUNDLE_IDENTIFIER = "om.streamaxia.obj-c.demo";
				PRODUCT_NAME = "$(TARGET_NAME)";
				TARGETED_DEVICE_FAMILY = "1,2";
			};
			name = Debug;
		};
		74CF84D321872CD3005B60C6 /* Release */ = {
			isa = XCBuildConfiguration;
			buildSettings = {
				ASSETCATALOG_COMPILER_APPICON_NAME = AppIcon;
				CODE_SIGN_STYLE = Automatic;
				DEVELOPMENT_TEAM = 32MK5V2NGT;
				FRAMEWORK_SEARCH_PATHS = (
					"$(inherited)",
					"$(PROJECT_DIR)/StreamFromFileDemo/Frameworks",
				);
				INFOPLIST_FILE = StreamFromFileDemo/Info.plist;
				IPHONEOS_DEPLOYMENT_TARGET = 10.0;
				LD_RUNPATH_SEARCH_PATHS = (
					"$(inherited)",
					"@executable_path/Frameworks",
				);
				PRODUCT_BUNDLE_IDENTIFIER = "om.streamaxia.obj-c.demo";
				PRODUCT_NAME = "$(TARGET_NAME)";
				TARGETED_DEVICE_FAMILY = "1,2";
			};
			name = Release;
		};
/* End XCBuildConfiguration section */

/* Begin XCConfigurationList section */
		74CF84B621872CD1005B60C6 /* Build configuration list for PBXProject "StreamFromFileDemo" */ = {
			isa = XCConfigurationList;
			buildConfigurations = (
				74CF84CF21872CD3005B60C6 /* Debug */,
				74CF84D021872CD3005B60C6 /* Release */,
			);
			defaultConfigurationIsVisible = 0;
			defaultConfigurationName = Release;
		};
		74CF84D121872CD3005B60C6 /* Build configuration list for PBXNativeTarget "StreamFromFileDemo" */ = {
			isa = XCConfigurationList;
			buildConfigurations = (
				74CF84D221872CD3005B60C6 /* Debug */,
				74CF84D321872CD3005B60C6 /* Release */,
			);
			defaultConfigurationIsVisible = 0;
			defaultConfigurationName = Release;
		};
/* End XCConfigurationList section */
	};
	rootObject = 74CF84B321872CD1005B60C6 /* Project object */;
}
