// !$*UTF8*$!
{
	archiveVersion = 1;
	classes = {
	};
	objectVersion = 46;
	objects = {

/* Begin PBXBuildFile section */
		385EE0201EAE022600148DDB /* ag-streamer-sdk.config in Resources */ = {isa = PBXBuildFile; fileRef = 385EE01D1EAE022600148DDB /* ag-streamer-sdk.config */; };
		385EE0211EAE022600148DDB /* ag-streamer-sdk.key in Resources */ = {isa = PBXBuildFile; fileRef = 385EE01E1EAE022600148DDB /* ag-streamer-sdk.key */; };
		385EE0221EAE022600148DDB /* ag-streamer-sdk.txt in Resources */ = {isa = PBXBuildFile; fileRef = 385EE01F1EAE022600148DDB /* ag-streamer-sdk.txt */; };
		3E7F95A81D93DCC400867621 /* AppDelegate.m in Sources */ = {isa = PBXBuildFile; fileRef = 3E7F959D1D93DCC400867621 /* AppDelegate.m */; };
		3E7F95A91D93DCC400867621 /* AGViewController.m in Sources */ = {isa = PBXBuildFile; fileRef = 3E7F95A01D93DCC400867621 /* AGViewController.m */; };
		3E7F95AD1D93DCC400867621 /* demo-certificate.bundle in Resources */ = {isa = PBXBuildFile; fileRef = 3E7F95A71D93DCC400867621 /* demo-certificate.bundle */; };
		3EBD23F11D928CA000785BAF /* main.m in Sources */ = {isa = PBXBuildFile; fileRef = 3EBD23F01D928CA000785BAF /* main.m */; };
		3EBD23FA1D928CA000785BAF /* Main.storyboard in Resources */ = {isa = PBXBuildFile; fileRef = 3EBD23F81D928CA000785BAF /* Main.storyboard */; };
		3EBD23FC1D928CA000785BAF /* Assets.xcassets in Resources */ = {isa = PBXBuildFile; fileRef = 3EBD23FB1D928CA000785BAF /* Assets.xcassets */; };
		3EBD23FF1D928CA000785BAF /* LaunchScreen.storyboard in Resources */ = {isa = PBXBuildFile; fileRef = 3EBD23FD1D928CA000785BAF /* LaunchScreen.storyboard */; };
		3EBD25881D92B99D00785BAF /* StreamaxiaSDK.framework in Frameworks */ = {isa = PBXBuildFile; fileRef = 3EBD25831D92B80500785BAF /* StreamaxiaSDK.framework */; };
		3EBD25891D92B99D00785BAF /* StreamaxiaSDK.framework in Embed Frameworks */ = {isa = PBXBuildFile; fileRef = 3EBD25831D92B80500785BAF /* StreamaxiaSDK.framework */; settings = {ATTRIBUTES = (CodeSignOnCopy, RemoveHeadersOnCopy, ); }; };
/* End PBXBuildFile section */

/* Begin PBXCopyFilesBuildPhase section */
		3EBD258A1D92B99D00785BAF /* Embed Frameworks */ = {
			isa = PBXCopyFilesBuildPhase;
			buildActionMask = 2147483647;
			dstPath = "";
			dstSubfolderSpec = 10;
			files = (
				3EBD25891D92B99D00785BAF /* StreamaxiaSDK.framework in Embed Frameworks */,
			);
			name = "Embed Frameworks";
			runOnlyForDeploymentPostprocessing = 0;
		};
/* End PBXCopyFilesBuildPhase section */

/* Begin PBXFileReference section */
		385EE01D1EAE022600148DDB /* ag-streamer-sdk.config */ = {isa = PBXFileReference; fileEncoding = 4; lastKnownFileType = text.xml; path = "ag-streamer-sdk.config"; sourceTree = "<group>"; };
		385EE01E1EAE022600148DDB /* ag-streamer-sdk.key */ = {isa = PBXFileReference; fileEncoding = 4; lastKnownFileType = text; path = "ag-streamer-sdk.key"; sourceTree = "<group>"; };
		385EE01F1EAE022600148DDB /* ag-streamer-sdk.txt */ = {isa = PBXFileReference; fileEncoding = 4; lastKnownFileType = text; path = "ag-streamer-sdk.txt"; sourceTree = "<group>"; };
		3E7F959C1D93DCC400867621 /* AppDelegate.h */ = {isa = PBXFileReference; fileEncoding = 4; lastKnownFileType = sourcecode.c.h; path = AppDelegate.h; sourceTree = "<group>"; };
		3E7F959D1D93DCC400867621 /* AppDelegate.m */ = {isa = PBXFileReference; fileEncoding = 4; lastKnownFileType = sourcecode.c.objc; path = AppDelegate.m; sourceTree = "<group>"; };
		3E7F959F1D93DCC400867621 /* AGViewController.h */ = {isa = PBXFileReference; fileEncoding = 4; lastKnownFileType = sourcecode.c.h; path = AGViewController.h; sourceTree = "<group>"; };
		3E7F95A01D93DCC400867621 /* AGViewController.m */ = {isa = PBXFileReference; fileEncoding = 4; lastKnownFileType = sourcecode.c.objc; path = AGViewController.m; sourceTree = "<group>"; };
		3E7F95A71D93DCC400867621 /* demo-certificate.bundle */ = {isa = PBXFileReference; lastKnownFileType = "wrapper.plug-in"; path = "demo-certificate.bundle"; sourceTree = "<group>"; };
		3EBD23EC1D928CA000785BAF /* StreamaxiaDemo1.app */ = {isa = PBXFileReference; explicitFileType = wrapper.application; includeInIndex = 0; path = StreamaxiaDemo1.app; sourceTree = BUILT_PRODUCTS_DIR; };
		3EBD23F01D928CA000785BAF /* main.m */ = {isa = PBXFileReference; lastKnownFileType = sourcecode.c.objc; path = main.m; sourceTree = "<group>"; };
		3EBD23F91D928CA000785BAF /* Base */ = {isa = PBXFileReference; lastKnownFileType = file.storyboard; name = Base; path = Base.lproj/Main.storyboard; sourceTree = "<group>"; };
		3EBD23FB1D928CA000785BAF /* Assets.xcassets */ = {isa = PBXFileReference; lastKnownFileType = folder.assetcatalog; path = Assets.xcassets; sourceTree = "<group>"; };
		3EBD23FE1D928CA000785BAF /* Base */ = {isa = PBXFileReference; lastKnownFileType = file.storyboard; name = Base; path = Base.lproj/LaunchScreen.storyboard; sourceTree = "<group>"; };
		3EBD24001D928CA000785BAF /* Info.plist */ = {isa = PBXFileReference; lastKnownFileType = text.plist.xml; path = Info.plist; sourceTree = "<group>"; };
		3EBD25831D92B80500785BAF /* StreamaxiaSDK.framework */ = {isa = PBXFileReference; lastKnownFileType = wrapper.framework; name = StreamaxiaSDK.framework; path = Frameworks/StreamaxiaSDK.framework; sourceTree = "<group>"; };
/* End PBXFileReference section */

/* Begin PBXFrameworksBuildPhase section */
		3EBD23E91D928CA000785BAF /* Frameworks */ = {
			isa = PBXFrameworksBuildPhase;
			buildActionMask = 2147483647;
			files = (
				3EBD25881D92B99D00785BAF /* StreamaxiaSDK.framework in Frameworks */,
			);
			runOnlyForDeploymentPostprocessing = 0;
		};
/* End PBXFrameworksBuildPhase section */

/* Begin PBXGroup section */
		385EE01C1EAE022600148DDB /* demo-certificate */ = {
			isa = PBXGroup;
			children = (
				385EE01D1EAE022600148DDB /* ag-streamer-sdk.config */,
				385EE01E1EAE022600148DDB /* ag-streamer-sdk.key */,
				385EE01F1EAE022600148DDB /* ag-streamer-sdk.txt */,
			);
			path = "demo-certificate";
			sourceTree = "<group>";
		};
		3E7F959A1D93DCC400867621 /* Classes */ = {
			isa = PBXGroup;
			children = (
				3E7F959B1D93DCC400867621 /* AppDelegate */,
				3E7F959E1D93DCC400867621 /* ViewControllers */,
			);
			path = Classes;
			sourceTree = "<group>";
		};
		3E7F959B1D93DCC400867621 /* AppDelegate */ = {
			isa = PBXGroup;
			children = (
				3E7F959C1D93DCC400867621 /* AppDelegate.h */,
				3E7F959D1D93DCC400867621 /* AppDelegate.m */,
			);
			path = AppDelegate;
			sourceTree = "<group>";
		};
		3E7F959E1D93DCC400867621 /* ViewControllers */ = {
			isa = PBXGroup;
			children = (
				3E7F959F1D93DCC400867621 /* AGViewController.h */,
				3E7F95A01D93DCC400867621 /* AGViewController.m */,
			);
			path = ViewControllers;
			sourceTree = "<group>";
		};
		3E7F95A11D93DCC400867621 /* Resources */ = {
			isa = PBXGroup;
			children = (
				3E7F95A21D93DCC400867621 /* Streamaxia */,
			);
			path = Resources;
			sourceTree = "<group>";
		};
		3E7F95A21D93DCC400867621 /* Streamaxia */ = {
			isa = PBXGroup;
			children = (
				385EE01C1EAE022600148DDB /* demo-certificate */,
				3E7F95A71D93DCC400867621 /* demo-certificate.bundle */,
			);
			path = Streamaxia;
			sourceTree = "<group>";
		};
		3E7F95AE1D93DCCB00867621 /* Storyboards */ = {
			isa = PBXGroup;
			children = (
				3EBD23F81D928CA000785BAF /* Main.storyboard */,
				3EBD23FD1D928CA000785BAF /* LaunchScreen.storyboard */,
			);
			name = Storyboards;
			sourceTree = "<group>";
		};
		3EBD23E31D928C9F00785BAF = {
			isa = PBXGroup;
			children = (
				3EBD23EE1D928CA000785BAF /* StreamaxiaDemo1 */,
				3EBD24261D928D7300785BAF /* Frameworks */,
				3EBD23ED1D928CA000785BAF /* Products */,
			);
			sourceTree = "<group>";
		};
		3EBD23ED1D928CA000785BAF /* Products */ = {
			isa = PBXGroup;
			children = (
				3EBD23EC1D928CA000785BAF /* StreamaxiaDemo1.app */,
			);
			name = Products;
			sourceTree = "<group>";
		};
		3EBD23EE1D928CA000785BAF /* StreamaxiaDemo1 */ = {
			isa = PBXGroup;
			children = (
				3EBD23FB1D928CA000785BAF /* Assets.xcassets */,
				3E7F959A1D93DCC400867621 /* Classes */,
				3E7F95A11D93DCC400867621 /* Resources */,
				3E7F95AE1D93DCCB00867621 /* Storyboards */,
				3EBD23EF1D928CA000785BAF /* Supporting Files */,
			);
			path = StreamaxiaDemo1;
			sourceTree = "<group>";
		};
		3EBD23EF1D928CA000785BAF /* Supporting Files */ = {
			isa = PBXGroup;
			children = (
				3EBD24001D928CA000785BAF /* Info.plist */,
				3EBD23F01D928CA000785BAF /* main.m */,
			);
			name = "Supporting Files";
			sourceTree = "<group>";
		};
		3EBD24261D928D7300785BAF /* Frameworks */ = {
			isa = PBXGroup;
			children = (
				3EBD25831D92B80500785BAF /* StreamaxiaSDK.framework */,
			);
			name = Frameworks;
			sourceTree = "<group>";
		};
/* End PBXGroup section */

/* Begin PBXNativeTarget section */
		3EBD23EB1D928CA000785BAF /* StreamaxiaDemo1 */ = {
			isa = PBXNativeTarget;
			buildConfigurationList = 3EBD24031D928CA000785BAF /* Build configuration list for PBXNativeTarget "StreamaxiaDemo1" */;
			buildPhases = (
				3EBD23E81D928CA000785BAF /* Sources */,
				3EBD23E91D928CA000785BAF /* Frameworks */,
				3EBD23EA1D928CA000785BAF /* Resources */,
				3EBD258A1D92B99D00785BAF /* Embed Frameworks */,
			);
			buildRules = (
			);
			dependencies = (
			);
			name = StreamaxiaDemo1;
			productName = StreamaxiaDemo1;
			productReference = 3EBD23EC1D928CA000785BAF /* StreamaxiaDemo1.app */;
			productType = "com.apple.product-type.application";
		};
/* End PBXNativeTarget section */

/* Begin PBXProject section */
		3EBD23E41D928CA000785BAF /* Project object */ = {
			isa = PBXProject;
			attributes = {
				LastUpgradeCheck = 0800;
				ORGANIZATIONNAME = Agilio;
				TargetAttributes = {
					3EBD23EB1D928CA000785BAF = {
						CreatedOnToolsVersion = 8.0;
						DevelopmentTeam = WZYAY65GLB;
						ProvisioningStyle = Automatic;
					};
				};
			};
			buildConfigurationList = 3EBD23E71D928CA000785BAF /* Build configuration list for PBXProject "StreamaxiaDemo1" */;
			compatibilityVersion = "Xcode 3.2";
			developmentRegion = English;
			hasScannedForEncodings = 0;
			knownRegions = (
				English,
				en,
				Base,
			);
			mainGroup = 3EBD23E31D928C9F00785BAF;
			productRefGroup = 3EBD23ED1D928CA000785BAF /* Products */;
			projectDirPath = "";
			projectRoot = "";
			targets = (
				3EBD23EB1D928CA000785BAF /* StreamaxiaDemo1 */,
			);
		};
/* End PBXProject section */

/* Begin PBXResourcesBuildPhase section */
		3EBD23EA1D928CA000785BAF /* Resources */ = {
			isa = PBXResourcesBuildPhase;
			buildActionMask = 2147483647;
			files = (
				3E7F95AD1D93DCC400867621 /* demo-certificate.bundle in Resources */,
				385EE0201EAE022600148DDB /* ag-streamer-sdk.config in Resources */,
				3EBD23FF1D928CA000785BAF /* LaunchScreen.storyboard in Resources */,
				385EE0211EAE022600148DDB /* ag-streamer-sdk.key in Resources */,
				3EBD23FC1D928CA000785BAF /* Assets.xcassets in Resources */,
				385EE0221EAE022600148DDB /* ag-streamer-sdk.txt in Resources */,
				3EBD23FA1D928CA000785BAF /* Main.storyboard in Resources */,
			);
			runOnlyForDeploymentPostprocessing = 0;
		};
/* End PBXResourcesBuildPhase section */

/* Begin PBXSourcesBuildPhase section */
		3EBD23E81D928CA000785BAF /* Sources */ = {
			isa = PBXSourcesBuildPhase;
			buildActionMask = 2147483647;
			files = (
				3E7F95A81D93DCC400867621 /* AppDelegate.m in Sources */,
				3E7F95A91D93DCC400867621 /* AGViewController.m in Sources */,
				3EBD23F11D928CA000785BAF /* main.m in Sources */,
			);
			runOnlyForDeploymentPostprocessing = 0;
		};
/* End PBXSourcesBuildPhase section */

/* Begin PBXVariantGroup section */
		3EBD23F81D928CA000785BAF /* Main.storyboard */ = {
			isa = PBXVariantGroup;
			children = (
				3EBD23F91D928CA000785BAF /* Base */,
			);
			name = Main.storyboard;
			sourceTree = "<group>";
		};
		3EBD23FD1D928CA000785BAF /* LaunchScreen.storyboard */ = {
			isa = PBXVariantGroup;
			children = (
				3EBD23FE1D928CA000785BAF /* Base */,
			);
			name = LaunchScreen.storyboard;
			sourceTree = "<group>";
		};
/* End PBXVariantGroup section */

/* Begin XCBuildConfiguration section */
		3EBD24011D928CA000785BAF /* Debug */ = {
			isa = XCBuildConfiguration;
			buildSettings = {
				ALWAYS_SEARCH_USER_PATHS = NO;
				CLANG_ANALYZER_NONNULL = YES;
				CLANG_CXX_LANGUAGE_STANDARD = "gnu++0x";
				CLANG_CXX_LIBRARY = "libc++";
				CLANG_ENABLE_MODULES = YES;
				CLANG_ENABLE_OBJC_ARC = YES;
				CLANG_WARN_BOOL_CONVERSION = YES;
				CLANG_WARN_CONSTANT_CONVERSION = YES;
				CLANG_WARN_DIRECT_OBJC_ISA_USAGE = YES_ERROR;
				CLANG_WARN_DOCUMENTATION_COMMENTS = YES;
				CLANG_WARN_EMPTY_BODY = YES;
				CLANG_WARN_ENUM_CONVERSION = YES;
				CLANG_WARN_INFINITE_RECURSION = YES;
				CLANG_WARN_INT_CONVERSION = YES;
				CLANG_WARN_OBJC_ROOT_CLASS = YES_ERROR;
				CLANG_WARN_SUSPICIOUS_MOVES = YES;
				CLANG_WARN_UNREACHABLE_CODE = YES;
				CLANG_WARN__DUPLICATE_METHOD_MATCH = YES;
				"CODE_SIGN_IDENTITY[sdk=iphoneos*]" = "iPhone Developer";
				COPY_PHASE_STRIP = NO;
				DEBUG_INFORMATION_FORMAT = dwarf;
				ENABLE_STRICT_OBJC_MSGSEND = YES;
				ENABLE_TESTABILITY = YES;
				GCC_C_LANGUAGE_STANDARD = gnu99;
				GCC_DYNAMIC_NO_PIC = NO;
				GCC_NO_COMMON_BLOCKS = YES;
				GCC_OPTIMIZATION_LEVEL = 0;
				GCC_PREPROCESSOR_DEFINITIONS = (
					"DEBUG=1",
					"$(inherited)",
				);
				GCC_WARN_64_TO_32_BIT_CONVERSION = YES;
				GCC_WARN_ABOUT_RETURN_TYPE = YES_ERROR;
				GCC_WARN_UNDECLARED_SELECTOR = YES;
				GCC_WARN_UNINITIALIZED_AUTOS = YES_AGGRESSIVE;
				GCC_WARN_UNUSED_FUNCTION = YES;
				GCC_WARN_UNUSED_VARIABLE = YES;
				IPHONEOS_DEPLOYMENT_TARGET = 8.0;
				MTL_ENABLE_DEBUG_INFO = YES;
				ONLY_ACTIVE_ARCH = YES;
				SDKROOT = iphoneos;
				TARGETED_DEVICE_FAMILY = "1,2";
			};
			name = Debug;
		};
		3EBD24021D928CA000785BAF /* Release */ = {
			isa = XCBuildConfiguration;
			buildSettings = {
				ALWAYS_SEARCH_USER_PATHS = NO;
				CLANG_ANALYZER_NONNULL = YES;
				CLANG_CXX_LANGUAGE_STANDARD = "gnu++0x";
				CLANG_CXX_LIBRARY = "libc++";
				CLANG_ENABLE_MODULES = YES;
				CLANG_ENABLE_OBJC_ARC = YES;
				CLANG_WARN_BOOL_CONVERSION = YES;
				CLANG_WARN_CONSTANT_CONVERSION = YES;
				CLANG_WARN_DIRECT_OBJC_ISA_USAGE = YES_ERROR;
				CLANG_WARN_DOCUMENTATION_COMMENTS = YES;
				CLANG_WARN_EMPTY_BODY = YES;
				CLANG_WARN_ENUM_CONVERSION = YES;
				CLANG_WARN_INFINITE_RECURSION = YES;
				CLANG_WARN_INT_CONVERSION = YES;
				CLANG_WARN_OBJC_ROOT_CLASS = YES_ERROR;
				CLANG_WARN_SUSPICIOUS_MOVES = YES;
				CLANG_WARN_UNREACHABLE_CODE = YES;
				CLANG_WARN__DUPLICATE_METHOD_MATCH = YES;
				"CODE_SIGN_IDENTITY[sdk=iphoneos*]" = "iPhone Developer";
				COPY_PHASE_STRIP = NO;
				DEBUG_INFORMATION_FORMAT = "dwarf-with-dsym";
				ENABLE_NS_ASSERTIONS = NO;
				ENABLE_STRICT_OBJC_MSGSEND = YES;
				GCC_C_LANGUAGE_STANDARD = gnu99;
				GCC_NO_COMMON_BLOCKS = YES;
				GCC_WARN_64_TO_32_BIT_CONVERSION = YES;
				GCC_WARN_ABOUT_RETURN_TYPE = YES_ERROR;
				GCC_WARN_UNDECLARED_SELECTOR = YES;
				GCC_WARN_UNINITIALIZED_AUTOS = YES_AGGRESSIVE;
				GCC_WARN_UNUSED_FUNCTION = YES;
				GCC_WARN_UNUSED_VARIABLE = YES;
				IPHONEOS_DEPLOYMENT_TARGET = 8.0;
				MTL_ENABLE_DEBUG_INFO = NO;
				SDKROOT = iphoneos;
				TARGETED_DEVICE_FAMILY = "1,2";
				VALIDATE_PRODUCT = YES;
			};
			name = Release;
		};
		3EBD24041D928CA000785BAF /* Debug */ = {
			isa = XCBuildConfiguration;
			buildSettings = {
				ASSETCATALOG_COMPILER_APPICON_NAME = AppIcon;
				CODE_SIGN_IDENTITY = "iPhone Developer";
				"CODE_SIGN_IDENTITY[sdk=iphoneos*]" = "iPhone Developer";
				CODE_SIGN_STYLE = Automatic;
				DEVELOPMENT_TEAM = WZYAY65GLB;
				FRAMEWORK_SEARCH_PATHS = (
					"$(inherited)",
					"$(PROJECT_DIR)/Frameworks",
				);
				HEADER_SEARCH_PATHS = "$SRC_ROOT/Frameworks/**";
				INFOPLIST_FILE = StreamaxiaDemo1/Info.plist;
				LD_RUNPATH_SEARCH_PATHS = "$(inherited) @executable_path/Frameworks";
				LIBRARY_SEARCH_PATHS = (
					"$(inherited)",
					"$(PROJECT_DIR)/Frameworks",
				);
				PRODUCT_BUNDLE_IDENTIFIER = "com.streamaxia.obj-c.demo";
				PRODUCT_NAME = "$(TARGET_NAME)";
				PROVISIONING_PROFILE = "";
				PROVISIONING_PROFILE_SPECIFIER = "";
			};
			name = Debug;
		};
		3EBD24051D928CA000785BAF /* Release */ = {
			isa = XCBuildConfiguration;
			buildSettings = {
				ASSETCATALOG_COMPILER_APPICON_NAME = AppIcon;
				CODE_SIGN_IDENTITY = "iPhone Developer";
				"CODE_SIGN_IDENTITY[sdk=iphoneos*]" = "iPhone Developer";
				CODE_SIGN_STYLE = Automatic;
				DEVELOPMENT_TEAM = WZYAY65GLB;
				FRAMEWORK_SEARCH_PATHS = (
					"$(inherited)",
					"$(PROJECT_DIR)/Frameworks",
				);
				HEADER_SEARCH_PATHS = "$SRC_ROOT/Frameworks/**";
				INFOPLIST_FILE = StreamaxiaDemo1/Info.plist;
				LD_RUNPATH_SEARCH_PATHS = "$(inherited) @executable_path/Frameworks";
				LIBRARY_SEARCH_PATHS = (
					"$(inherited)",
					"$(PROJECT_DIR)/Frameworks",
				);
				PRODUCT_BUNDLE_IDENTIFIER = "com.streamaxia.obj-c.demo";
				PRODUCT_NAME = "$(TARGET_NAME)";
				PROVISIONING_PROFILE_SPECIFIER = "";
			};
			name = Release;
		};
/* End XCBuildConfiguration section */

/* Begin XCConfigurationList section */
		3EBD23E71D928CA000785BAF /* Build configuration list for PBXProject "StreamaxiaDemo1" */ = {
			isa = XCConfigurationList;
			buildConfigurations = (
				3EBD24011D928CA000785BAF /* Debug */,
				3EBD24021D928CA000785BAF /* Release */,
			);
			defaultConfigurationIsVisible = 0;
			defaultConfigurationName = Release;
		};
		3EBD24031D928CA000785BAF /* Build configuration list for PBXNativeTarget "StreamaxiaDemo1" */ = {
			isa = XCConfigurationList;
			buildConfigurations = (
				3EBD24041D928CA000785BAF /* Debug */,
				3EBD24051D928CA000785BAF /* Release */,
			);
			defaultConfigurationIsVisible = 0;
			defaultConfigurationName = Release;
		};
/* End XCConfigurationList section */
	};
	rootObject = 3EBD23E41D928CA000785BAF /* Project object */;
}
